
Microsoft Visual Studio Solution File, Format Version 12.00
# Visual Studio Version 17
VisualStudioVersion = 17.11.35327.3
MinimumVisualStudioVersion = 10.0.40219.1
Project("{2150E333-8FDC-42A3-9474-1A3956D46DE8}") = "Fundamentals", "Fundamentals", "{69091825-21EA-496D-8EF1-BCB47C30B2C9}"
EndProject
Project("{2150E333-8FDC-42A3-9474-1A3956D46DE8}") = "src", "src", "{1F2EB090-1B6D-402E-AD71-937791352D7A}"
EndProject
Project("{2150E333-8FDC-42A3-9474-1A3956D46DE8}") = "tests", "tests", "{66F9A51B-84CF-4F0D-8693-088DA180F127}"
EndProject
Project("{2150E333-8FDC-42A3-9474-1A3956D46DE8}") = "RealWorldTesting", "RealWorldTesting", "{6D079F53-E4AD-40F1-A938-78A368BEB349}"
EndProject
Project("{2150E333-8FDC-42A3-9474-1A3956D46DE8}") = "src", "src", "{4A7C8EBE-F610-4085-B038-AFF6AF9A21B6}"
EndProject
Project("{2150E333-8FDC-42A3-9474-1A3956D46DE8}") = "tests", "tests", "{E24D7E40-EB42-48F8-8394-2C311ED408C8}"
EndProject
Project("{9A19103F-16F7-4668-BE54-9A1E7A4F7556}") = "Customers.Api", "RealWorldTesting\src\Customers.Api\Customers.Api.csproj", "{B5A94F41-0251-46E4-87D1-B5F0FD5FA516}"
EndProject
Project("{9A19103F-16F7-4668-BE54-9A1E7A4F7556}") = "FakeApi", "RealWorldTesting\src\FakeApi\FakeApi.csproj", "{4186063E-7306-4CAD-8486-A8365CDCB5C8}"
EndProject
Project("{9A19103F-16F7-4668-BE54-9A1E7A4F7556}") = "Customers.Api.Tests.Integration", "RealWorldTesting\tests\Customers.Api.Tests.Integration\Customers.Api.Tests.Integration.csproj", "{6CBE0958-668D-4D5E-8294-BF98AEBF7EEF}"
EndProject
Project("{9A19103F-16F7-4668-BE54-9A1E7A4F7556}") = "Customers.Api", "Fundamentals\src\Customers.Api\Customers.Api.csproj", "{DE2ED0CC-F9E4-4E81-A2EC-B9F39BA4C9DB}"
EndProject
Project("{9A19103F-16F7-4668-BE54-9A1E7A4F7556}") = "Customers.Api.Tests.Integration", "Fundamentals\tests\Customers.Api.Tests.Integration\Customers.Api.Tests.Integration.csproj", "{6D841531-90FB-43D2-A116-5F69983146A9}"
EndProject
Project("{2150E333-8FDC-42A3-9474-1A3956D46DE8}") = "eTicaret", "eTicaret", "{A2E01A92-3379-4613-AD30-C4B2D12A8B11}"
EndProject
Project("{2150E333-8FDC-42A3-9474-1A3956D46DE8}") = "src", "src", "{F42B000C-CBAF-48BB-AA92-24AC5297DAE8}"
EndProject
Project("{2150E333-8FDC-42A3-9474-1A3956D46DE8}") = "tests", "tests", "{CFF1794A-A14B-4AFA-82D0-49CA77DCAF7C}"
EndProject
Project("{9A19103F-16F7-4668-BE54-9A1E7A4F7556}") = "eTicaret.WebApi", "eTicaret\src\eTicaret.WebApi\eTicaret.WebApi.csproj", "{2DFE4B18-058D-422F-A05A-BDCCAEC68E87}"
EndProject
Project("{9A19103F-16F7-4668-BE54-9A1E7A4F7556}") = "eTicaret.WebApi.Tests.Integration", "eTicaret\tests\eTicaret.WebApi.Tests.Integration\eTicaret.WebApi.Tests.Integration.csproj", "{3F9E0A22-CFCC-433D-8A92-602204D0E673}"
EndProject
Global
	GlobalSection(SolutionConfigurationPlatforms) = preSolution
		Debug|Any CPU = Debug|Any CPU
		Release|Any CPU = Release|Any CPU
	EndGlobalSection
	GlobalSection(ProjectConfigurationPlatforms) = postSolution
		{B5A94F41-0251-46E4-87D1-B5F0FD5FA516}.Debug|Any CPU.ActiveCfg = Debug|Any CPU
		{B5A94F41-0251-46E4-87D1-B5F0FD5FA516}.Debug|Any CPU.Build.0 = Debug|Any CPU
		{B5A94F41-0251-46E4-87D1-B5F0FD5FA516}.Release|Any CPU.ActiveCfg = Release|Any CPU
		{B5A94F41-0251-46E4-87D1-B5F0FD5FA516}.Release|Any CPU.Build.0 = Release|Any CPU
		{4186063E-7306-4CAD-8486-A8365CDCB5C8}.Debug|Any CPU.ActiveCfg = Debug|Any CPU
		{4186063E-7306-4CAD-8486-A8365CDCB5C8}.Debug|Any CPU.Build.0 = Debug|Any CPU
		{4186063E-7306-4CAD-8486-A8365CDCB5C8}.Release|Any CPU.ActiveCfg = Release|Any CPU
		{4186063E-7306-4CAD-8486-A8365CDCB5C8}.Release|Any CPU.Build.0 = Release|Any CPU
		{6CBE0958-668D-4D5E-8294-BF98AEBF7EEF}.Debug|Any CPU.ActiveCfg = Debug|Any CPU
		{6CBE0958-668D-4D5E-8294-BF98AEBF7EEF}.Debug|Any CPU.Build.0 = Debug|Any CPU
		{6CBE0958-668D-4D5E-8294-BF98AEBF7EEF}.Release|Any CPU.ActiveCfg = Release|Any CPU
		{6CBE0958-668D-4D5E-8294-BF98AEBF7EEF}.Release|Any CPU.Build.0 = Release|Any CPU
		{DE2ED0CC-F9E4-4E81-A2EC-B9F39BA4C9DB}.Debug|Any CPU.ActiveCfg = Debug|Any CPU
		{DE2ED0CC-F9E4-4E81-A2EC-B9F39BA4C9DB}.Debug|Any CPU.Build.0 = Debug|Any CPU
		{DE2ED0CC-F9E4-4E81-A2EC-B9F39BA4C9DB}.Release|Any CPU.ActiveCfg = Release|Any CPU
		{DE2ED0CC-F9E4-4E81-A2EC-B9F39BA4C9DB}.Release|Any CPU.Build.0 = Release|Any CPU
		{6D841531-90FB-43D2-A116-5F69983146A9}.Debug|Any CPU.ActiveCfg = Debug|Any CPU
		{6D841531-90FB-43D2-A116-5F69983146A9}.Debug|Any CPU.Build.0 = Debug|Any CPU
		{6D841531-90FB-43D2-A116-5F69983146A9}.Release|Any CPU.ActiveCfg = Release|Any CPU
		{6D841531-90FB-43D2-A116-5F69983146A9}.Release|Any CPU.Build.0 = Release|Any CPU
		{2DFE4B18-058D-422F-A05A-BDCCAEC68E87}.Debug|Any CPU.ActiveCfg = Debug|Any CPU
		{2DFE4B18-058D-422F-A05A-BDCCAEC68E87}.Debug|Any CPU.Build.0 = Debug|Any CPU
		{2DFE4B18-058D-422F-A05A-BDCCAEC68E87}.Release|Any CPU.ActiveCfg = Release|Any CPU
		{2DFE4B18-058D-422F-A05A-BDCCAEC68E87}.Release|Any CPU.Build.0 = Release|Any CPU
		{3F9E0A22-CFCC-433D-8A92-602204D0E673}.Debug|Any CPU.ActiveCfg = Debug|Any CPU
		{3F9E0A22-CFCC-433D-8A92-602204D0E673}.Debug|Any CPU.Build.0 = Debug|Any CPU
		{3F9E0A22-CFCC-433D-8A92-602204D0E673}.Release|Any CPU.ActiveCfg = Release|Any CPU
		{3F9E0A22-CFCC-433D-8A92-602204D0E673}.Release|Any CPU.Build.0 = Release|Any CPU
	EndGlobalSection
	GlobalSection(SolutionProperties) = preSolution
		HideSolutionNode = FALSE
	EndGlobalSection
	GlobalSection(NestedProjects) = preSolution
		{1F2EB090-1B6D-402E-AD71-937791352D7A} = {69091825-21EA-496D-8EF1-BCB47C30B2C9}
		{66F9A51B-84CF-4F0D-8693-088DA180F127} = {69091825-21EA-496D-8EF1-BCB47C30B2C9}
		{4A7C8EBE-F610-4085-B038-AFF6AF9A21B6} = {6D079F53-E4AD-40F1-A938-78A368BEB349}
		{E24D7E40-EB42-48F8-8394-2C311ED408C8} = {6D079F53-E4AD-40F1-A938-78A368BEB349}
		{B5A94F41-0251-46E4-87D1-B5F0FD5FA516} = {4A7C8EBE-F610-4085-B038-AFF6AF9A21B6}
		{4186063E-7306-4CAD-8486-A8365CDCB5C8} = {4A7C8EBE-F610-4085-B038-AFF6AF9A21B6}
		{6CBE0958-668D-4D5E-8294-BF98AEBF7EEF} = {E24D7E40-EB42-48F8-8394-2C311ED408C8}
		{DE2ED0CC-F9E4-4E81-A2EC-B9F39BA4C9DB} = {1F2EB090-1B6D-402E-AD71-937791352D7A}
		{6D841531-90FB-43D2-A116-5F69983146A9} = {66F9A51B-84CF-4F0D-8693-088DA180F127}
		{F42B000C-CBAF-48BB-AA92-24AC5297DAE8} = {A2E01A92-3379-4613-AD30-C4B2D12A8B11}
		{CFF1794A-A14B-4AFA-82D0-49CA77DCAF7C} = {A2E01A92-3379-4613-AD30-C4B2D12A8B11}
		{2DFE4B18-058D-422F-A05A-BDCCAEC68E87} = {F42B000C-CBAF-48BB-AA92-24AC5297DAE8}
		{3F9E0A22-CFCC-433D-8A92-602204D0E673} = {CFF1794A-A14B-4AFA-82D0-49CA77DCAF7C}
	EndGlobalSection
	GlobalSection(ExtensibilityGlobals) = postSolution
		SolutionGuid = {0F7DFDBA-3F80-4295-B047-80487EB2E871}
	EndGlobalSection
EndGlobal
